
Microsoft Visual Studio Solution File, Format Version 12.00
# Visual Studio Version 16
VisualStudioVersion = 16.0.33529.622
MinimumVisualStudioVersion = 10.0.40219.1
Project("{FAE04EC0-301F-11D3-BF4B-00C04F79EFBC}") = "Games", "Games\Games.csproj", "{FF921B1C-3F04-48F8-BD3F-8C7B530EB15A}"
EndProject
Global
	GlobalSection(SolutionConfigurationPlatforms) = preSolution
		Debug|Any CPU = Debug|Any CPU
		Release|Any CPU = Release|Any CPU
	EndGlobalSection
	GlobalSection(ProjectConfigurationPlatforms) = postSolution
		{FF921B1C-3F04-48F8-BD3F-8C7B530EB15A}.Debug|Any CPU.ActiveCfg = Debug|Any CPU
		{FF921B1C-3F04-48F8-BD3F-8C7B530EB15A}.Debug|Any CPU.Build.0 = Debug|Any CPU
		{FF921B1C-3F04-48F8-BD3F-8C7B530EB15A}.Release|Any CPU.ActiveCfg = Release|Any CPU
		{FF921B1C-3F04-48F8-BD3F-8C7B530EB15A}.Release|Any CPU.Build.0 = Release|Any CPU
	EndGlobalSection
	GlobalSection(SolutionProperties) = preSolution
		HideSolutionNode = FALSE
	EndGlobalSection
	GlobalSection(ExtensibilityGlobals) = postSolution
		SolutionGuid = {A5F76CA1-BBB8-4693-AB8A-AB05ED9FCA08}
	EndGlobalSection
EndGlobal
